
Microsoft Visual Studio Solution File, Format Version 12.00
# Visual Studio Version 16
VisualStudioVersion = 16.0.31129.286
MinimumVisualStudioVersion = 10.0.40219.1
Project("{FAE04EC0-301F-11D3-BF4B-00C04F79EFBC}") = "Préparation avril Mastermind", "Préparation avril Mastermind\Préparation avril Mastermind.csproj", "{8DA41C9F-03A4-474B-90FA-5E0D48C304EE}"
EndProject
Global
	GlobalSection(SolutionConfigurationPlatforms) = preSolution
		Debug|Any CPU = Debug|Any CPU
		Release|Any CPU = Release|Any CPU
	EndGlobalSection
	GlobalSection(ProjectConfigurationPlatforms) = postSolution
		{8DA41C9F-03A4-474B-90FA-5E0D48C304EE}.Debug|Any CPU.ActiveCfg = Debug|Any CPU
		{8DA41C9F-03A4-474B-90FA-5E0D48C304EE}.Debug|Any CPU.Build.0 = Debug|Any CPU
		{8DA41C9F-03A4-474B-90FA-5E0D48C304EE}.Release|Any CPU.ActiveCfg = Release|Any CPU
		{8DA41C9F-03A4-474B-90FA-5E0D48C304EE}.Release|Any CPU.Build.0 = Release|Any CPU
	EndGlobalSection
	GlobalSection(SolutionProperties) = preSolution
		HideSolutionNode = FALSE
	EndGlobalSection
	GlobalSection(ExtensibilityGlobals) = postSolution
		SolutionGuid = {0176E52E-4789-4A46-8951-557F458F13A2}
	EndGlobalSection
EndGlobal
